
Microsoft Visual Studio Solution File, Format Version 12.00
# Visual Studio Version 17
VisualStudioVersion = 17.5.33530.505
MinimumVisualStudioVersion = 10.0.40219.1
Project("{FAE04EC0-301F-11D3-BF4B-00C04F79EFBC}") = "Registerloginpage", "Registerloginpage\Registerloginpage.csproj", "{6FBCEF97-413F-486F-A3F9-F38CC3A78413}"
EndProject
Global
	GlobalSection(SolutionConfigurationPlatforms) = preSolution
		Debug|Any CPU = Debug|Any CPU
		Release|Any CPU = Release|Any CPU
	EndGlobalSection
	GlobalSection(ProjectConfigurationPlatforms) = postSolution
		{6FBCEF97-413F-486F-A3F9-F38CC3A78413}.Debug|Any CPU.ActiveCfg = Debug|Any CPU
		{6FBCEF97-413F-486F-A3F9-F38CC3A78413}.Debug|Any CPU.Build.0 = Debug|Any CPU
		{6FBCEF97-413F-486F-A3F9-F38CC3A78413}.Release|Any CPU.ActiveCfg = Release|Any CPU
		{6FBCEF97-413F-486F-A3F9-F38CC3A78413}.Release|Any CPU.Build.0 = Release|Any CPU
	EndGlobalSection
	GlobalSection(SolutionProperties) = preSolution
		HideSolutionNode = FALSE
	EndGlobalSection
	GlobalSection(ExtensibilityGlobals) = postSolution
		SolutionGuid = {8FC1F40E-AAE3-4089-B1B5-41BA52CB1649}
	EndGlobalSection
EndGlobal
